
Microsoft Visual Studio Solution File, Format Version 12.00
# Visual Studio 15
VisualStudioVersion = 15.0.28010.2046
MinimumVisualStudioVersion = 10.0.40219.1
Project("{FAE04EC0-301F-11D3-BF4B-00C04F79EFBC}") = "Task1", "Task1\Task1.csproj", "{E077B3D5-2DCD-4379-85DC-05765F004211}"
EndProject
Project("{FAE04EC0-301F-11D3-BF4B-00C04F79EFBC}") = "Task2", "Task2\Task2.csproj", "{E4AD2C9D-A1BE-4B24-98C7-32980993BE0D}"
EndProject
Project("{FAE04EC0-301F-11D3-BF4B-00C04F79EFBC}") = "Task3", "Task3\Task3.csproj", "{60F7758F-060D-4512-84CB-00B729C7B26F}"
EndProject
Project("{FAE04EC0-301F-11D3-BF4B-00C04F79EFBC}") = "Task4", "Task4\Task4.csproj", "{C5335F0C-68BF-4762-A245-667D3FDDFD3F}"
EndProject
Global
	GlobalSection(SolutionConfigurationPlatforms) = preSolution
		Debug|Any CPU = Debug|Any CPU
		Release|Any CPU = Release|Any CPU
	EndGlobalSection
	GlobalSection(ProjectConfigurationPlatforms) = postSolution
		{E077B3D5-2DCD-4379-85DC-05765F004211}.Debug|Any CPU.ActiveCfg = Debug|Any CPU
		{E077B3D5-2DCD-4379-85DC-05765F004211}.Debug|Any CPU.Build.0 = Debug|Any CPU
		{E077B3D5-2DCD-4379-85DC-05765F004211}.Release|Any CPU.ActiveCfg = Release|Any CPU
		{E077B3D5-2DCD-4379-85DC-05765F004211}.Release|Any CPU.Build.0 = Release|Any CPU
		{E4AD2C9D-A1BE-4B24-98C7-32980993BE0D}.Debug|Any CPU.ActiveCfg = Debug|Any CPU
		{E4AD2C9D-A1BE-4B24-98C7-32980993BE0D}.Debug|Any CPU.Build.0 = Debug|Any CPU
		{E4AD2C9D-A1BE-4B24-98C7-32980993BE0D}.Release|Any CPU.ActiveCfg = Release|Any CPU
		{E4AD2C9D-A1BE-4B24-98C7-32980993BE0D}.Release|Any CPU.Build.0 = Release|Any CPU
		{60F7758F-060D-4512-84CB-00B729C7B26F}.Debug|Any CPU.ActiveCfg = Debug|Any CPU
		{60F7758F-060D-4512-84CB-00B729C7B26F}.Debug|Any CPU.Build.0 = Debug|Any CPU
		{60F7758F-060D-4512-84CB-00B729C7B26F}.Release|Any CPU.ActiveCfg = Release|Any CPU
		{60F7758F-060D-4512-84CB-00B729C7B26F}.Release|Any CPU.Build.0 = Release|Any CPU
		{C5335F0C-68BF-4762-A245-667D3FDDFD3F}.Debug|Any CPU.ActiveCfg = Debug|Any CPU
		{C5335F0C-68BF-4762-A245-667D3FDDFD3F}.Debug|Any CPU.Build.0 = Debug|Any CPU
		{C5335F0C-68BF-4762-A245-667D3FDDFD3F}.Release|Any CPU.ActiveCfg = Release|Any CPU
		{C5335F0C-68BF-4762-A245-667D3FDDFD3F}.Release|Any CPU.Build.0 = Release|Any CPU
	EndGlobalSection
	GlobalSection(SolutionProperties) = preSolution
		HideSolutionNode = FALSE
	EndGlobalSection
	GlobalSection(ExtensibilityGlobals) = postSolution
		SolutionGuid = {D606792E-9576-40F7-9668-A475C61CB331}
	EndGlobalSection
EndGlobal
